
Microsoft Visual Studio Solution File, Format Version 12.00
Project("{FAE04EC0-301F-11D3-BF4B-00C04F79EFBC}") = "SpecFlow.RestEase", "SpecFlow.RestEase\SpecFlow.RestEase.csproj", "{AC129242-ED61-4DCA-A066-F5BACB291EF0}"
EndProject
Global
	GlobalSection(SolutionConfigurationPlatforms) = preSolution
		Debug|Any CPU = Debug|Any CPU
		Release|Any CPU = Release|Any CPU
	EndGlobalSection
	GlobalSection(ProjectConfigurationPlatforms) = postSolution
		{AC129242-ED61-4DCA-A066-F5BACB291EF0}.Debug|Any CPU.ActiveCfg = Debug|Any CPU
		{AC129242-ED61-4DCA-A066-F5BACB291EF0}.Debug|Any CPU.Build.0 = Debug|Any CPU
		{AC129242-ED61-4DCA-A066-F5BACB291EF0}.Release|Any CPU.ActiveCfg = Release|Any CPU
		{AC129242-ED61-4DCA-A066-F5BACB291EF0}.Release|Any CPU.Build.0 = Release|Any CPU
	EndGlobalSection
EndGlobal
